{
  "name": "@ledgerhq/actions-root",
  "version": "0.1.0",
  "lockfileVersion": 3,
  "requires": true,
  "packages": {
    "": {
      "name": "@ledgerhq/actions-root",
      "version": "0.1.0",
      "devDependencies": {
        "@types/node": "^20.8.10"
      }
    },
    "../../node_modules/.pnpm/@types+node@20.12.12/node_modules/@types/node": {
      "version": "20.12.12",
      "dev": true,
      "license": "MIT",
      "dependencies": {
        "undici-types": "~5.26.4"
      }
    },
    "node_modules/@types/node": {
      "resolved": "../../node_modules/.pnpm/@types+node@20.12.12/node_modules/@types/node",
      "link": true
    }
  }
}
