[[tools.node]]
version = "22.13.1"
backend = "core:node"
"platforms.linux-arm64" = { checksum = "sha256:911d9c07af38c82be22cd0a3db613aabc578ba940b35380aeedadd6d48070bc1", url = "https://nodejs.org/dist/v22.13.1/node-v22.13.1-linux-arm64.tar.gz"}
"platforms.linux-x64" = { checksum = "sha256:666148b9fe0c7e1301cc1b029e33a45e9e4a893f68d2d2bb1cc88a931a88a004", url = "https://nodejs.org/dist/v22.13.1/node-v22.13.1-linux-x64.tar.gz"}
"platforms.macos-arm64" = { checksum = "sha256:97483ff4361d239a56d038c6335767a56a291e78c10f07446f463f05d9d19b89", url = "https://nodejs.org/dist/v22.13.1/node-v22.13.1-darwin-arm64.tar.gz"}
"platforms.macos-x64" = { checksum = "sha256:6fdcc8412d434664238b0651ebd5ad55d15a08598ff42dcb6d9cf1d434a6c4be", url = "https://nodejs.org/dist/v22.13.1/node-v22.13.1-darwin-x64.tar.gz"}
"platforms.windows-x64" = { checksum = "sha256:398a61e250a5584a62a5959e2f69f5d597fc83f1a5ebe3ed8fff29ba39d55f14", url = "https://nodejs.org/dist/v22.13.1/node-v22.13.1-win-x64.zip"}

[[tools.npm]]
version = "10.3.0"
backend = "npm:npm"

[[tools.pnpm]]
version = "10.24.0"
backend = "aqua:pnpm/pnpm"
"platforms.linux-arm64" = { checksum = "sha256:1447737a6e8003386507fdcdafa376289b4abfff5867c8ba6a189b2fded13a4b", url = "https://github.com/pnpm/pnpm/releases/download/v10.24.0/pnpm-linux-arm64"}
"platforms.linux-x64" = { checksum = "sha256:985824ae016db3c7bbd7b39dcb4e6f5740b11cce79f5c43d5e5e640768fd4806", url = "https://github.com/pnpm/pnpm/releases/download/v10.24.0/pnpm-linux-x64"}
"platforms.macos-arm64" = { checksum = "sha256:e3978826faa5fa7fdf63b752afc7a1bc4585ecd591b899fb956ebdd4e49f5db8", url = "https://github.com/pnpm/pnpm/releases/download/v10.24.0/pnpm-macos-arm64"}
"platforms.macos-x64" = { checksum = "sha256:8694dabaa7d29ece4db8cfa62e0582637e6ce70138ee8e8c5dbd58a5d1c8513d", url = "https://github.com/pnpm/pnpm/releases/download/v10.24.0/pnpm-macos-x64"}
"platforms.windows-x64" = { checksum = "sha256:e966e249a55c5d56d5d1844d220861b801c892148e763c66e95dadb9bd257d3f", url = "https://github.com/pnpm/pnpm/releases/download/v10.24.0/pnpm-win-x64.exe"}
