{
  "name": "ledgerlivemobile",
  "version": "0.1.0",
  "lockfileVersion": 1,
  "requires": true,
  "dependencies": {
    "react-native-open-settings": {
      "version": "1.0.1",
      "resolved": "https://registry.npmjs.org/react-native-open-settings/-/react-native-open-settings-1.0.1.tgz",
      "integrity": "sha1-HArj0l/T/W3pS21TgzPUckXMWgw="
    }
  }
}
