# THIS IS AN AUTOGENERATED FILE. DO NOT EDIT THIS FILE DIRECTLY.
# yarn lockfile v1


"@ledgerhq/devices@^6.27.2-nightly.0":
  version "6.27.2-nightly.0"
  resolved "https://registry.yarnpkg.com/@ledgerhq/devices/-/devices-6.27.2-nightly.0.tgz#f5c825e68d6b9515e5683812817441a05aa30278"
  integrity sha512-eCeyd5bYe2tkRc1HQn42f3BX9TI+T1wH1tHEWhYtv2G3LHYGu1bP4aJjvtkJz/Rg6fZGQu7tkgHINABSozjqSA==
  dependencies:
    "@ledgerhq/errors" "^6.10.1-nightly.0"
    "@ledgerhq/logs" "^6.10.1-nightly.0"
    rxjs "6"
    semver "^7.3.5"

"@ledgerhq/errors@^6.10.1-nightly.0":
  version "6.10.1-nightly.0"
  resolved "https://registry.yarnpkg.com/@ledgerhq/errors/-/errors-6.10.1-nightly.0.tgz#f219ec19fcc91f85b9a6e09b6be645a914a76860"
  integrity sha512-xVM/sjVw60cgldaGAJjlS49nEbVmHWgCkCa4LkH3A3OMMrrQsR1CCZ+/cn7mYmVjNUlcQdW/oCJzDUiLdb7dVg==

"@ledgerhq/hw-transport@workspace:^":
  version "6.27.2-nightly.0"
  resolved "https://registry.yarnpkg.com/@ledgerhq/hw-transport/-/hw-transport-6.27.2-nightly.0.tgz#9bd32927277b48e341d8e945fd841c7836e47856"
  integrity sha512-1CYLqF3kZj1FtVuKtJZpNSQ2/ha7i5jHnnYrp8a4J26Ri02/+IA8e1Ls0mAohS6JIlnrM463HdwsfacVYQYC8A==
  dependencies:
    "@ledgerhq/devices" "^6.27.2-nightly.0"
    "@ledgerhq/errors" "^6.10.1-nightly.0"
    events "^3.3.0"

"@ledgerhq/logs@^6.10.1-nightly.0":
  version "6.10.1-nightly.0"
  resolved "https://registry.yarnpkg.com/@ledgerhq/logs/-/logs-6.10.1-nightly.0.tgz#d87889a5fa30c93ed615d6fae0ffdefeb93e2a72"
  integrity sha512-hwoUwlC7le37kQ72W8hAzVq070zuY6IEpssYNXDTr3pEfc3cprTAgEnaBsb0jXQGiLdONPvxc7nPp8nSyGD3hQ==

events@^3.3.0:
  version "3.3.0"
  resolved "https://registry.yarnpkg.com/events/-/events-3.3.0.tgz#31a95ad0a924e2d2c419a813aeb2c4e878ea7400"
  integrity sha512-mQw+2fkQbALzQ7V0MY0IqdnXNOeTtP4r0lN9z7AAawCXgqea7bDii20AYrIBrFd/Hx0M2Ocz6S111CaFkUcb0Q==

lru-cache@^6.0.0:
  version "6.0.0"
  resolved "https://registry.yarnpkg.com/lru-cache/-/lru-cache-6.0.0.tgz#6d6fe6570ebd96aaf90fcad1dafa3b2566db3a94"
  integrity sha512-Jo6dJ04CmSjuznwJSS3pUeWmd/H0ffTlkXXgwZi+eq1UCmqQwCh+eLsYOYCwY991i2Fah4h1BEMCx4qThGbsiA==
  dependencies:
    yallist "^4.0.0"

rxjs@6:
  version "6.6.7"
  resolved "https://registry.yarnpkg.com/rxjs/-/rxjs-6.6.7.tgz#90ac018acabf491bf65044235d5863c4dab804c9"
  integrity sha512-hTdwr+7yYNIT5n4AMYp85KA6yw2Va0FLa3Rguvbpa4W3I5xynaBZo41cM3XM+4Q6fRMj3sBYIR1VAmZMXYJvRQ==
  dependencies:
    tslib "^1.9.0"

semver@^7.3.5:
  version "7.3.7"
  resolved "https://registry.yarnpkg.com/semver/-/semver-7.3.7.tgz#12c5b649afdbf9049707796e22a4028814ce523f"
  integrity sha512-QlYTucUYOews+WeEujDoEGziz4K6c47V/Bd+LjSSYcA94p+DmINdf7ncaUinThfvZyu13lN9OY1XDxt8C0Tw0g==
  dependencies:
    lru-cache "^6.0.0"

tslib@^1.9.0:
  version "1.14.1"
  resolved "https://registry.yarnpkg.com/tslib/-/tslib-1.14.1.tgz#cf2d38bdc34a134bcaf1091c41f6619e2f672d00"
  integrity sha512-Xni35NKzjgMrwevysHTCArtLDpPvye8zV/0E4EyYn43P7/7qvQwPh9BGkHewbMulVntbigmcT7rdX3BNo9wRJg==

yallist@^4.0.0:
  version "4.0.0"
  resolved "https://registry.yarnpkg.com/yallist/-/yallist-4.0.0.tgz#9bb92790d9c0effec63be73519e11a35019a3a72"
  integrity sha512-3wdGidZyq5PB084XLES5TpOSRA3wjXAlIWMhum2kRcv/41Sn2emQ0dycQW4uZXLejwKvg6EsvbdlVL+FYEct7A==
